
Microsoft Visual Studio Solution File, Format Version 12.00
Project("{FAE04EC0-301F-11D3-BF4B-00C04F79EFBC}") = "Auth", "Auth\Auth.csproj", "{53AF4493-3637-4588-B51D-3360328D8397}"
EndProject
Project("{FAE04EC0-301F-11D3-BF4B-00C04F79EFBC}") = "TaskTracker", "TaskTracker\TaskTracker.csproj", "{CE10FA0E-72E3-450C-AA69-B68FB6C4C979}"
EndProject
Global
	GlobalSection(SolutionConfigurationPlatforms) = preSolution
		Debug|Any CPU = Debug|Any CPU
		Release|Any CPU = Release|Any CPU
	EndGlobalSection
	GlobalSection(ProjectConfigurationPlatforms) = postSolution
		{53AF4493-3637-4588-B51D-3360328D8397}.Debug|Any CPU.ActiveCfg = Debug|Any CPU
		{53AF4493-3637-4588-B51D-3360328D8397}.Debug|Any CPU.Build.0 = Debug|Any CPU
		{53AF4493-3637-4588-B51D-3360328D8397}.Release|Any CPU.ActiveCfg = Release|Any CPU
		{53AF4493-3637-4588-B51D-3360328D8397}.Release|Any CPU.Build.0 = Release|Any CPU
		{CE10FA0E-72E3-450C-AA69-B68FB6C4C979}.Debug|Any CPU.ActiveCfg = Debug|Any CPU
		{CE10FA0E-72E3-450C-AA69-B68FB6C4C979}.Debug|Any CPU.Build.0 = Debug|Any CPU
		{CE10FA0E-72E3-450C-AA69-B68FB6C4C979}.Release|Any CPU.ActiveCfg = Release|Any CPU
		{CE10FA0E-72E3-450C-AA69-B68FB6C4C979}.Release|Any CPU.Build.0 = Release|Any CPU
	EndGlobalSection
EndGlobal
