
Microsoft Visual Studio Solution File, Format Version 12.00
Project("{FAE04EC0-301F-11D3-BF4B-00C04F79EFBC}") = "Auth", "Auth\Auth.csproj", "{53AF4493-3637-4588-B51D-3360328D8397}"
EndProject
Project("{FAE04EC0-301F-11D3-BF4B-00C04F79EFBC}") = "TaskTracker.Api", "TaskTracker.Api\TaskTracker.Api.csproj", "{CE10FA0E-72E3-450C-AA69-B68FB6C4C979}"
EndProject
Project("{2150E333-8FDC-42A3-9474-1A3956D46DE8}") = "Auth", "Auth", "{FE81C721-1DFF-4413-BDFC-8E2F021E50A1}"
EndProject
Project("{2150E333-8FDC-42A3-9474-1A3956D46DE8}") = "TaskTracker", "TaskTracker", "{A55657D0-C432-4527-89F8-92CD42A39C95}"
EndProject
Project("{FAE04EC0-301F-11D3-BF4B-00C04F79EFBC}") = "TaskTracker.Consumer", "TaskTracker\TaskTracker.Consumer\TaskTracker.Consumer.csproj", "{BC063701-420B-4BD5-8217-68F02C321D0D}"
EndProject
Project("{FAE04EC0-301F-11D3-BF4B-00C04F79EFBC}") = "TaskTracker.Data", "TaskTracker\TaskTracker.Data\TaskTracker.Data.csproj", "{85C26186-76DC-4113-9B1C-CFD517E98A8A}"
EndProject
Project("{2150E333-8FDC-42A3-9474-1A3956D46DE8}") = "Analytics", "Analytics", "{85122086-6783-4039-ACD5-288EEF15AA99}"
EndProject
Project("{2150E333-8FDC-42A3-9474-1A3956D46DE8}") = "Accounting", "Accounting", "{931C27AD-C8BE-4F1B-9FE0-F17A28A41EAB}"
EndProject
Project("{FAE04EC0-301F-11D3-BF4B-00C04F79EFBC}") = "Accounting.Api", "Accounting\Accounting.Api\Accounting.Api.csproj", "{CECC62F7-21CE-427D-BFD6-AEEAEA9302BF}"
EndProject
Project("{FAE04EC0-301F-11D3-BF4B-00C04F79EFBC}") = "Accounting.Data", "Accounting\Accounting.Data\Accounting.Data.csproj", "{DF86D146-0F2D-4857-947A-EE896CD28B9A}"
EndProject
Project("{FAE04EC0-301F-11D3-BF4B-00C04F79EFBC}") = "Accounting.Consumer", "Accounting\Accounting.Consumer\Accounting.Consumer.csproj", "{E5601AAA-DF9F-4D54-8634-0AF3B38C5CD4}"
EndProject
Project("{2150E333-8FDC-42A3-9474-1A3956D46DE8}") = "SchemaRegistry", "SchemaRegistry", "{E8DE8AE0-062A-4763-BC76-9D3FF8FB1127}"
EndProject
Project("{FAE04EC0-301F-11D3-BF4B-00C04F79EFBC}") = "SchemaRegistry", "SchemaRegistry\SchemaRegistry.csproj", "{D498E8F3-852E-4315-85AB-D3F32CFC9227}"
EndProject
Project("{FAE04EC0-301F-11D3-BF4B-00C04F79EFBC}") = "AccountingScheduler", "Accounting\AccountingScheduler\AccountingScheduler.csproj", "{4D65CB89-ED38-4F66-A7AD-6EF9CEC8B917}"
EndProject
Global
	GlobalSection(SolutionConfigurationPlatforms) = preSolution
		Debug|Any CPU = Debug|Any CPU
		Release|Any CPU = Release|Any CPU
	EndGlobalSection
	GlobalSection(ProjectConfigurationPlatforms) = postSolution
		{53AF4493-3637-4588-B51D-3360328D8397}.Debug|Any CPU.ActiveCfg = Debug|Any CPU
		{53AF4493-3637-4588-B51D-3360328D8397}.Debug|Any CPU.Build.0 = Debug|Any CPU
		{53AF4493-3637-4588-B51D-3360328D8397}.Release|Any CPU.ActiveCfg = Release|Any CPU
		{53AF4493-3637-4588-B51D-3360328D8397}.Release|Any CPU.Build.0 = Release|Any CPU
		{CE10FA0E-72E3-450C-AA69-B68FB6C4C979}.Debug|Any CPU.ActiveCfg = Debug|Any CPU
		{CE10FA0E-72E3-450C-AA69-B68FB6C4C979}.Debug|Any CPU.Build.0 = Debug|Any CPU
		{CE10FA0E-72E3-450C-AA69-B68FB6C4C979}.Release|Any CPU.ActiveCfg = Release|Any CPU
		{CE10FA0E-72E3-450C-AA69-B68FB6C4C979}.Release|Any CPU.Build.0 = Release|Any CPU
		{BC063701-420B-4BD5-8217-68F02C321D0D}.Debug|Any CPU.ActiveCfg = Debug|Any CPU
		{BC063701-420B-4BD5-8217-68F02C321D0D}.Debug|Any CPU.Build.0 = Debug|Any CPU
		{BC063701-420B-4BD5-8217-68F02C321D0D}.Release|Any CPU.ActiveCfg = Release|Any CPU
		{BC063701-420B-4BD5-8217-68F02C321D0D}.Release|Any CPU.Build.0 = Release|Any CPU
		{85C26186-76DC-4113-9B1C-CFD517E98A8A}.Debug|Any CPU.ActiveCfg = Debug|Any CPU
		{85C26186-76DC-4113-9B1C-CFD517E98A8A}.Debug|Any CPU.Build.0 = Debug|Any CPU
		{85C26186-76DC-4113-9B1C-CFD517E98A8A}.Release|Any CPU.ActiveCfg = Release|Any CPU
		{85C26186-76DC-4113-9B1C-CFD517E98A8A}.Release|Any CPU.Build.0 = Release|Any CPU
		{CECC62F7-21CE-427D-BFD6-AEEAEA9302BF}.Debug|Any CPU.ActiveCfg = Debug|Any CPU
		{CECC62F7-21CE-427D-BFD6-AEEAEA9302BF}.Debug|Any CPU.Build.0 = Debug|Any CPU
		{CECC62F7-21CE-427D-BFD6-AEEAEA9302BF}.Release|Any CPU.ActiveCfg = Release|Any CPU
		{CECC62F7-21CE-427D-BFD6-AEEAEA9302BF}.Release|Any CPU.Build.0 = Release|Any CPU
		{DF86D146-0F2D-4857-947A-EE896CD28B9A}.Debug|Any CPU.ActiveCfg = Debug|Any CPU
		{DF86D146-0F2D-4857-947A-EE896CD28B9A}.Debug|Any CPU.Build.0 = Debug|Any CPU
		{DF86D146-0F2D-4857-947A-EE896CD28B9A}.Release|Any CPU.ActiveCfg = Release|Any CPU
		{DF86D146-0F2D-4857-947A-EE896CD28B9A}.Release|Any CPU.Build.0 = Release|Any CPU
		{E5601AAA-DF9F-4D54-8634-0AF3B38C5CD4}.Debug|Any CPU.ActiveCfg = Debug|Any CPU
		{E5601AAA-DF9F-4D54-8634-0AF3B38C5CD4}.Debug|Any CPU.Build.0 = Debug|Any CPU
		{E5601AAA-DF9F-4D54-8634-0AF3B38C5CD4}.Release|Any CPU.ActiveCfg = Release|Any CPU
		{E5601AAA-DF9F-4D54-8634-0AF3B38C5CD4}.Release|Any CPU.Build.0 = Release|Any CPU
		{D498E8F3-852E-4315-85AB-D3F32CFC9227}.Debug|Any CPU.ActiveCfg = Debug|Any CPU
		{D498E8F3-852E-4315-85AB-D3F32CFC9227}.Debug|Any CPU.Build.0 = Debug|Any CPU
		{D498E8F3-852E-4315-85AB-D3F32CFC9227}.Release|Any CPU.ActiveCfg = Release|Any CPU
		{D498E8F3-852E-4315-85AB-D3F32CFC9227}.Release|Any CPU.Build.0 = Release|Any CPU
		{4D65CB89-ED38-4F66-A7AD-6EF9CEC8B917}.Debug|Any CPU.ActiveCfg = Debug|Any CPU
		{4D65CB89-ED38-4F66-A7AD-6EF9CEC8B917}.Debug|Any CPU.Build.0 = Debug|Any CPU
		{4D65CB89-ED38-4F66-A7AD-6EF9CEC8B917}.Release|Any CPU.ActiveCfg = Release|Any CPU
		{4D65CB89-ED38-4F66-A7AD-6EF9CEC8B917}.Release|Any CPU.Build.0 = Release|Any CPU
	EndGlobalSection
	GlobalSection(NestedProjects) = preSolution
		{53AF4493-3637-4588-B51D-3360328D8397} = {FE81C721-1DFF-4413-BDFC-8E2F021E50A1}
		{CE10FA0E-72E3-450C-AA69-B68FB6C4C979} = {A55657D0-C432-4527-89F8-92CD42A39C95}
		{BC063701-420B-4BD5-8217-68F02C321D0D} = {A55657D0-C432-4527-89F8-92CD42A39C95}
		{85C26186-76DC-4113-9B1C-CFD517E98A8A} = {A55657D0-C432-4527-89F8-92CD42A39C95}
		{CECC62F7-21CE-427D-BFD6-AEEAEA9302BF} = {931C27AD-C8BE-4F1B-9FE0-F17A28A41EAB}
		{DF86D146-0F2D-4857-947A-EE896CD28B9A} = {931C27AD-C8BE-4F1B-9FE0-F17A28A41EAB}
		{E5601AAA-DF9F-4D54-8634-0AF3B38C5CD4} = {931C27AD-C8BE-4F1B-9FE0-F17A28A41EAB}
		{D498E8F3-852E-4315-85AB-D3F32CFC9227} = {E8DE8AE0-062A-4763-BC76-9D3FF8FB1127}
		{4D65CB89-ED38-4F66-A7AD-6EF9CEC8B917} = {931C27AD-C8BE-4F1B-9FE0-F17A28A41EAB}
	EndGlobalSection
EndGlobal
